
Microsoft Visual Studio Solution File, Format Version 12.00
# Visual Studio Version 17
VisualStudioVersion = 17.6.33815.320
MinimumVisualStudioVersion = 10.0.40219.1
Project("{FAE04EC0-301F-11D3-BF4B-00C04F79EFBC}") = "Web2Projekat", "Web2Projekat\Web2Projekat.csproj", "{93FFF371-8E63-4965-9C2B-7781E969DC01}"
EndProject
Global
	GlobalSection(SolutionConfigurationPlatforms) = preSolution
		Debug|Any CPU = Debug|Any CPU
		Release|Any CPU = Release|Any CPU
	EndGlobalSection
	GlobalSection(ProjectConfigurationPlatforms) = postSolution
		{93FFF371-8E63-4965-9C2B-7781E969DC01}.Debug|Any CPU.ActiveCfg = Debug|Any CPU
		{93FFF371-8E63-4965-9C2B-7781E969DC01}.Debug|Any CPU.Build.0 = Debug|Any CPU
		{93FFF371-8E63-4965-9C2B-7781E969DC01}.Release|Any CPU.ActiveCfg = Release|Any CPU
		{93FFF371-8E63-4965-9C2B-7781E969DC01}.Release|Any CPU.Build.0 = Release|Any CPU
	EndGlobalSection
	GlobalSection(SolutionProperties) = preSolution
		HideSolutionNode = FALSE
	EndGlobalSection
	GlobalSection(ExtensibilityGlobals) = postSolution
		SolutionGuid = {FFA80DAC-6616-4F8A-912D-F4635D20FAF2}
	EndGlobalSection
EndGlobal
